{
  "nodes": {
    "cachix": {
      "locked": {
        "lastModified": 1651093906,
        "narHash": "sha256-kHXSbv+Hc73eV0/JVJ5YsJGr08bA4vJ3/XZew5PgZg0=",
        "owner": "nixos",
        "repo": "nixpkgs",
        "rev": "feea25c58657fa81d16e0e51f80e1a02ef4cbd49",
        "type": "github"
      },
      "original": {
        "owner": "nixos",
        "ref": "nixos-21.11",
        "repo": "nixpkgs",
        "type": "github"
      }
    },
    "dotnix": {
      "locked": {
        "lastModified": 1649990255,
        "narHash": "sha256-VUfs6VwKPHs5VTRsl/07xcgezV1wjl9uFqQgAOwZ6ow=",
        "ref": "main",
        "rev": "96769d55a6449df7e3258b31e031bbbc23e64773",
        "revCount": 36,
        "type": "git",
        "url": "file:///etc/nixos/external/dotnix"
      },
      "original": {
        "type": "git",
        "url": "file:///etc/nixos/external/dotnix"
      }
    },
    "flake-compat": {
      "flake": false,
      "locked": {
        "lastModified": 1650374568,
        "narHash": "sha256-Z+s0J8/r907g149rllvwhb4pKi8Wam5ij0st8PwAh+E=",
        "owner": "edolstra",
        "repo": "flake-compat",
        "rev": "b4a34015c698c7793d592d66adbab377907a2be8",
        "type": "github"
      },
      "original": {
        "owner": "edolstra",
        "repo": "flake-compat",
        "type": "github"
      }
    },
    "home-manager": {
      "inputs": {
        "nixpkgs": [
          "nixpkgs"
        ]
      },
      "locked": {
        "lastModified": 1651007090,
        "narHash": "sha256-C/OoQRzTUOWEr1sd3xTKA2GudA1YG1XB3MlL6KfTchg=",
        "owner": "nix-community",
        "repo": "home-manager",
        "rev": "778af87a981eb2bfa3566dff8c3fb510856329ef",
        "type": "github"
      },
      "original": {
        "owner": "nix-community",
        "repo": "home-manager",
        "type": "github"
      }
    },
    "nixpkgs": {
      "locked": {
        "lastModified": 1651195405,
        "narHash": "sha256-0qNUe0sQh+fXiu9RA6EVrY0Wb0pi1gGeETJ82Du4aUc=",
        "owner": "NixOS",
        "repo": "nixpkgs",
        "rev": "640fed7d544c5f8dc23e5a72cbbb2593f0f1d673",
        "type": "github"
      },
      "original": {
        "owner": "NixOS",
        "ref": "master",
        "repo": "nixpkgs",
        "type": "github"
      }
    },
    "root": {
      "inputs": {
        "dotnix": "dotnix",
        "home-manager": "home-manager",
        "nixpkgs": "nixpkgs",
        "wayland": "wayland"
      }
    },
    "wayland": {
      "inputs": {
        "cachix": "cachix",
        "flake-compat": "flake-compat",
        "nixpkgs": [
          "nixpkgs"
        ]
      },
      "locked": {
        "lastModified": 1651167015,
        "narHash": "sha256-5ER60YeCG4h5XcGKbjh8WZnaCpYKfw34GoS8HHc+0sI=",
        "owner": "nix-community",
        "repo": "nixpkgs-wayland",
        "rev": "ab23b6dbf6245581b95bcfb011f6ecf541893d70",
        "type": "github"
      },
      "original": {
        "owner": "nix-community",
        "ref": "master",
        "repo": "nixpkgs-wayland",
        "type": "github"
      }
    }
  },
  "root": "root",
  "version": 7
}
