{
  "nodes": {
    "dotnix": {
      "locked": {
        "lastModified": 1644030663,
        "narHash": "sha256-LQBSV5Wm+FwMfcY58JO9BgXiPTCFmdGkaewXQur/ru4=",
        "type": "git",
        "url": "file:///etc/nixos/external/dotnix"
      },
      "original": {
        "type": "git",
        "url": "file:///etc/nixos/external/dotnix"
      }
    },
    "home-manager": {
      "inputs": {
        "nixpkgs": [
          "nixpkgs"
        ]
      },
      "locked": {
        "lastModified": 1645796113,
        "narHash": "sha256-s1WSYeOSIO/I/rII6H9o68naHAWieLzvtqrp8w4ggbI=",
        "owner": "nix-community",
        "repo": "home-manager",
        "rev": "662350bee2090edc82b4c162b1415f76b4eee2f3",
        "type": "github"
      },
      "original": {
        "owner": "nix-community",
        "repo": "home-manager",
        "type": "github"
      }
    },
    "nixpkgs": {
      "locked": {
        "lastModified": 1645838287,
        "narHash": "sha256-dC/BcaPII4yxaGEDRLEPxd5dKZMmd8dUriH7STh9+tg=",
        "owner": "NixOS",
        "repo": "nixpkgs",
        "rev": "e40bc2494096f0b358fd2142de976164f4068ad6",
        "type": "github"
      },
      "original": {
        "owner": "NixOS",
        "ref": "master",
        "repo": "nixpkgs",
        "type": "github"
      }
    },
    "root": {
      "inputs": {
        "dotnix": "dotnix",
        "home-manager": "home-manager",
        "nixpkgs": "nixpkgs"
      }
    }
  },
  "root": "root",
  "version": 7
}
