{
  "nodes": {
    "dotnix": {
      "locked": {
        "lastModified": 1642310840,
        "narHash": "sha256-6LJWBzQjq99H4fcPRDi0NY/dArb6N8fVfvxxwDk9gXk=",
        "type": "git",
        "url": "file:///etc/nixos/external/dotnix"
      },
      "original": {
        "type": "git",
        "url": "file:///etc/nixos/external/dotnix"
      }
    },
    "home-manager": {
      "inputs": {
        "nixpkgs": [
          "nixpkgs"
        ]
      },
      "locked": {
        "lastModified": 1641459437,
        "narHash": "sha256-z0IOcc6LLbVhyri/aTyWzRqJs3p1pBK9idOiMwCWiqs=",
        "owner": "nix-community",
        "repo": "home-manager",
        "rev": "c751aeb19e84a0a777f36fd5ea73482a066bb406",
        "type": "github"
      },
      "original": {
        "owner": "nix-community",
        "repo": "home-manager",
        "type": "github"
      }
    },
    "nixpkgs": {
      "locked": {
        "lastModified": 1642592376,
        "narHash": "sha256-7FQOm4BBh4VUhJEUXVyDRMYeNQ5f4Dg1dX3WXRc5Ksc=",
        "owner": "NixOS",
        "repo": "nixpkgs",
        "rev": "ff09dd8dacbaa65f94af573f8f0df699bafc0df7",
        "type": "github"
      },
      "original": {
        "owner": "NixOS",
        "ref": "master",
        "repo": "nixpkgs",
        "type": "github"
      }
    },
    "root": {
      "inputs": {
        "dotnix": "dotnix",
        "home-manager": "home-manager",
        "nixpkgs": "nixpkgs"
      }
    }
  },
  "root": "root",
  "version": 7
}
